// !$*UTF8*$!
{
	archiveVersion = 1;
	classes = {
	};
	objectVersion = 46;
	objects = {

/* Begin PBXBuildFile section */
		3314A0971CEDDBBE003110B9 /* AppDelegate.swift in Sources */ = {isa = PBXBuildFile; fileRef = 3314A0961CEDDBBE003110B9 /* AppDelegate.swift */; };
		3314A0991CEDDBBE003110B9 /* ViewController.swift in Sources */ = {isa = PBXBuildFile; fileRef = 3314A0981CEDDBBE003110B9 /* ViewController.swift */; };
		3314A09C1CEDDBBE003110B9 /* Main.storyboard in Resources */ = {isa = PBXBuildFile; fileRef = 3314A09A1CEDDBBE003110B9 /* Main.storyboard */; };
		3314A09E1CEDDBBE003110B9 /* Assets.xcassets in Resources */ = {isa = PBXBuildFile; fileRef = 3314A09D1CEDDBBE003110B9 /* Assets.xcassets */; };
		3314A0A11CEDDBBE003110B9 /* LaunchScreen.storyboard in Resources */ = {isa = PBXBuildFile; fileRef = 3314A09F1CEDDBBE003110B9 /* LaunchScreen.storyboard */; };
		3314A0AC1CEDDBBE003110B9 /* GuessTheNumberTests.swift in Sources */ = {isa = PBXBuildFile; fileRef = 3314A0AB1CEDDBBE003110B9 /* GuessTheNumberTests.swift */; };
		3314A0B71CEDDBBE003110B9 /* GuessTheNumberUITests.swift in Sources */ = {isa = PBXBuildFile; fileRef = 3314A0B61CEDDBBE003110B9 /* GuessTheNumberUITests.swift */; };
/* End PBXBuildFile section */

/* Begin PBXContainerItemProxy section */
		3314A0A81CEDDBBE003110B9 /* PBXContainerItemProxy */ = {
			isa = PBXContainerItemProxy;
			containerPortal = 3314A08B1CEDDBBE003110B9 /* Project object */;
			proxyType = 1;
			remoteGlobalIDString = 3314A0921CEDDBBE003110B9;
			remoteInfo = GuessTheNumber;
		};
		3314A0B31CEDDBBE003110B9 /* PBXContainerItemProxy */ = {
			isa = PBXContainerItemProxy;
			containerPortal = 3314A08B1CEDDBBE003110B9 /* Project object */;
			proxyType = 1;
			remoteGlobalIDString = 3314A0921CEDDBBE003110B9;
			remoteInfo = GuessTheNumber;
		};
/* End PBXContainerItemProxy section */

/* Begin PBXFileReference section */
		3314A0931CEDDBBE003110B9 /* GuessTheNumber.app */ = {isa = PBXFileReference; explicitFileType = wrapper.application; includeInIndex = 0; path = GuessTheNumber.app; sourceTree = BUILT_PRODUCTS_DIR; };
		3314A0961CEDDBBE003110B9 /* AppDelegate.swift */ = {isa = PBXFileReference; lastKnownFileType = sourcecode.swift; path = AppDelegate.swift; sourceTree = "<group>"; };
		3314A0981CEDDBBE003110B9 /* ViewController.swift */ = {isa = PBXFileReference; lastKnownFileType = sourcecode.swift; path = ViewController.swift; sourceTree = "<group>"; };
		3314A09B1CEDDBBE003110B9 /* Base */ = {isa = PBXFileReference; lastKnownFileType = file.storyboard; name = Base; path = Base.lproj/Main.storyboard; sourceTree = "<group>"; };
		3314A09D1CEDDBBE003110B9 /* Assets.xcassets */ = {isa = PBXFileReference; lastKnownFileType = folder.assetcatalog; path = Assets.xcassets; sourceTree = "<group>"; };
		3314A0A01CEDDBBE003110B9 /* Base */ = {isa = PBXFileReference; lastKnownFileType = file.storyboard; name = Base; path = Base.lproj/LaunchScreen.storyboard; sourceTree = "<group>"; };
		3314A0A21CEDDBBE003110B9 /* Info.plist */ = {isa = PBXFileReference; lastKnownFileType = text.plist.xml; path = Info.plist; sourceTree = "<group>"; };
		3314A0A71CEDDBBE003110B9 /* GuessTheNumberTests.xctest */ = {isa = PBXFileReference; explicitFileType = wrapper.cfbundle; includeInIndex = 0; path = GuessTheNumberTests.xctest; sourceTree = BUILT_PRODUCTS_DIR; };
		3314A0AB1CEDDBBE003110B9 /* GuessTheNumberTests.swift */ = {isa = PBXFileReference; lastKnownFileType = sourcecode.swift; path = GuessTheNumberTests.swift; sourceTree = "<group>"; };
		3314A0AD1CEDDBBE003110B9 /* Info.plist */ = {isa = PBXFileReference; lastKnownFileType = text.plist.xml; path = Info.plist; sourceTree = "<group>"; };
		3314A0B21CEDDBBE003110B9 /* GuessTheNumberUITests.xctest */ = {isa = PBXFileReference; explicitFileType = wrapper.cfbundle; includeInIndex = 0; path = GuessTheNumberUITests.xctest; sourceTree = BUILT_PRODUCTS_DIR; };
		3314A0B61CEDDBBE003110B9 /* GuessTheNumberUITests.swift */ = {isa = PBXFileReference; lastKnownFileType = sourcecode.swift; path = GuessTheNumberUITests.swift; sourceTree = "<group>"; };
		3314A0B81CEDDBBE003110B9 /* Info.plist */ = {isa = PBXFileReference; lastKnownFileType = text.plist.xml; path = Info.plist; sourceTree = "<group>"; };
/* End PBXFileReference section */

/* Begin PBXFrameworksBuildPhase section */
		3314A0901CEDDBBE003110B9 /* Frameworks */ = {
			isa = PBXFrameworksBuildPhase;
			buildActionMask = 2147483647;
			files = (
			);
			runOnlyForDeploymentPostprocessing = 0;
		};
		3314A0A41CEDDBBE003110B9 /* Frameworks */ = {
			isa = PBXFrameworksBuildPhase;
			buildActionMask = 2147483647;
			files = (
			);
			runOnlyForDeploymentPostprocessing = 0;
		};
		3314A0AF1CEDDBBE003110B9 /* Frameworks */ = {
			isa = PBXFrameworksBuildPhase;
			buildActionMask = 2147483647;
			files = (
			);
			runOnlyForDeploymentPostprocessing = 0;
		};
/* End PBXFrameworksBuildPhase section */

/* Begin PBXGroup section */
		3314A08A1CEDDBBE003110B9 = {
			isa = PBXGroup;
			children = (
				3314A0951CEDDBBE003110B9 /* GuessTheNumber */,
				3314A0AA1CEDDBBE003110B9 /* GuessTheNumberTests */,
				3314A0B51CEDDBBE003110B9 /* GuessTheNumberUITests */,
				3314A0941CEDDBBE003110B9 /* Products */,
			);
			sourceTree = "<group>";
		};
		3314A0941CEDDBBE003110B9 /* Products */ = {
			isa = PBXGroup;
			children = (
				3314A0931CEDDBBE003110B9 /* GuessTheNumber.app */,
				3314A0A71CEDDBBE003110B9 /* GuessTheNumberTests.xctest */,
				3314A0B21CEDDBBE003110B9 /* GuessTheNumberUITests.xctest */,
			);
			name = Products;
			sourceTree = "<group>";
		};
		3314A0951CEDDBBE003110B9 /* GuessTheNumber */ = {
			isa = PBXGroup;
			children = (
				3314A0961CEDDBBE003110B9 /* AppDelegate.swift */,
				3314A0981CEDDBBE003110B9 /* ViewController.swift */,
				3314A09A1CEDDBBE003110B9 /* Main.storyboard */,
				3314A09D1CEDDBBE003110B9 /* Assets.xcassets */,
				3314A09F1CEDDBBE003110B9 /* LaunchScreen.storyboard */,
				3314A0A21CEDDBBE003110B9 /* Info.plist */,
			);
			path = GuessTheNumber;
			sourceTree = "<group>";
		};
		3314A0AA1CEDDBBE003110B9 /* GuessTheNumberTests */ = {
			isa = PBXGroup;
			children = (
				3314A0AB1CEDDBBE003110B9 /* GuessTheNumberTests.swift */,
				3314A0AD1CEDDBBE003110B9 /* Info.plist */,
			);
			path = GuessTheNumberTests;
			sourceTree = "<group>";
		};
		3314A0B51CEDDBBE003110B9 /* GuessTheNumberUITests */ = {
			isa = PBXGroup;
			children = (
				3314A0B61CEDDBBE003110B9 /* GuessTheNumberUITests.swift */,
				3314A0B81CEDDBBE003110B9 /* Info.plist */,
			);
			path = GuessTheNumberUITests;
			sourceTree = "<group>";
		};
/* End PBXGroup section */

/* Begin PBXNativeTarget section */
		3314A0921CEDDBBE003110B9 /* GuessTheNumber */ = {
			isa = PBXNativeTarget;
			buildConfigurationList = 3314A0BB1CEDDBBE003110B9 /* Build configuration list for PBXNativeTarget "GuessTheNumber" */;
			buildPhases = (
				3314A08F1CEDDBBE003110B9 /* Sources */,
				3314A0901CEDDBBE003110B9 /* Frameworks */,
				3314A0911CEDDBBE003110B9 /* Resources */,
			);
			buildRules = (
			);
			dependencies = (
			);
			name = GuessTheNumber;
			productName = GuessTheNumber;
			productReference = 3314A0931CEDDBBE003110B9 /* GuessTheNumber.app */;
			productType = "com.apple.product-type.application";
		};
		3314A0A61CEDDBBE003110B9 /* GuessTheNumberTests */ = {
			isa = PBXNativeTarget;
			buildConfigurationList = 3314A0BE1CEDDBBE003110B9 /* Build configuration list for PBXNativeTarget "GuessTheNumberTests" */;
			buildPhases = (
				3314A0A31CEDDBBE003110B9 /* Sources */,
				3314A0A41CEDDBBE003110B9 /* Frameworks */,
				3314A0A51CEDDBBE003110B9 /* Resources */,
			);
			buildRules = (
			);
			dependencies = (
				3314A0A91CEDDBBE003110B9 /* PBXTargetDependency */,
			);
			name = GuessTheNumberTests;
			productName = GuessTheNumberTests;
			productReference = 3314A0A71CEDDBBE003110B9 /* GuessTheNumberTests.xctest */;
			productType = "com.apple.product-type.bundle.unit-test";
		};
		3314A0B11CEDDBBE003110B9 /* GuessTheNumberUITests */ = {
			isa = PBXNativeTarget;
			buildConfigurationList = 3314A0C11CEDDBBE003110B9 /* Build configuration list for PBXNativeTarget "GuessTheNumberUITests" */;
			buildPhases = (
				3314A0AE1CEDDBBE003110B9 /* Sources */,
				3314A0AF1CEDDBBE003110B9 /* Frameworks */,
				3314A0B01CEDDBBE003110B9 /* Resources */,
			);
			buildRules = (
			);
			dependencies = (
				3314A0B41CEDDBBE003110B9 /* PBXTargetDependency */,
			);
			name = GuessTheNumberUITests;
			productName = GuessTheNumberUITests;
			productReference = 3314A0B21CEDDBBE003110B9 /* GuessTheNumberUITests.xctest */;
			productType = "com.apple.product-type.bundle.ui-testing";
		};
/* End PBXNativeTarget section */

/* Begin PBXProject section */
		3314A08B1CEDDBBE003110B9 /* Project object */ = {
			isa = PBXProject;
			attributes = {
				LastSwiftUpdateCheck = 0730;
				LastUpgradeCheck = 0730;
				ORGANIZATIONNAME = MUKKII;
				TargetAttributes = {
					3314A0921CEDDBBE003110B9 = {
						CreatedOnToolsVersion = 7.3.1;
						DevelopmentTeam = 7B98XSFMD3;
					};
					3314A0A61CEDDBBE003110B9 = {
						CreatedOnToolsVersion = 7.3.1;
						DevelopmentTeam = 7B98XSFMD3;
						TestTargetID = 3314A0921CEDDBBE003110B9;
					};
					3314A0B11CEDDBBE003110B9 = {
						CreatedOnToolsVersion = 7.3.1;
						DevelopmentTeam = 7B98XSFMD3;
						TestTargetID = 3314A0921CEDDBBE003110B9;
					};
				};
			};
			buildConfigurationList = 3314A08E1CEDDBBE003110B9 /* Build configuration list for PBXProject "GuessTheNumber" */;
			compatibilityVersion = "Xcode 3.2";
			developmentRegion = English;
			hasScannedForEncodings = 0;
			knownRegions = (
				en,
				Base,
			);
			mainGroup = 3314A08A1CEDDBBE003110B9;
			productRefGroup = 3314A0941CEDDBBE003110B9 /* Products */;
			projectDirPath = "";
			projectRoot = "";
			targets = (
				3314A0921CEDDBBE003110B9 /* GuessTheNumber */,
				3314A0A61CEDDBBE003110B9 /* GuessTheNumberTests */,
				3314A0B11CEDDBBE003110B9 /* GuessTheNumberUITests */,
			);
		};
/* End PBXProject section */

/* Begin PBXResourcesBuildPhase section */
		3314A0911CEDDBBE003110B9 /* Resources */ = {
			isa = PBXResourcesBuildPhase;
			buildActionMask = 2147483647;
			files = (
				3314A0A11CEDDBBE003110B9 /* LaunchScreen.storyboard in Resources */,
				3314A09E1CEDDBBE003110B9 /* Assets.xcassets in Resources */,
				3314A09C1CEDDBBE003110B9 /* Main.storyboard in Resources */,
			);
			runOnlyForDeploymentPostprocessing = 0;
		};
		3314A0A51CEDDBBE003110B9 /* Resources */ = {
			isa = PBXResourcesBuildPhase;
			buildActionMask = 2147483647;
			files = (
			);
			runOnlyForDeploymentPostprocessing = 0;
		};
		3314A0B01CEDDBBE003110B9 /* Resources */ = {
			isa = PBXResourcesBuildPhase;
			buildActionMask = 2147483647;
			files = (
			);
			runOnlyForDeploymentPostprocessing = 0;
		};
/* End PBXResourcesBuildPhase section */

/* Begin PBXSourcesBuildPhase section */
		3314A08F1CEDDBBE003110B9 /* Sources */ = {
			isa = PBXSourcesBuildPhase;
			buildActionMask = 2147483647;
			files = (
				3314A0991CEDDBBE003110B9 /* ViewController.swift in Sources */,
				3314A0971CEDDBBE003110B9 /* AppDelegate.swift in Sources */,
			);
			runOnlyForDeploymentPostprocessing = 0;
		};
		3314A0A31CEDDBBE003110B9 /* Sources */ = {
			isa = PBXSourcesBuildPhase;
			buildActionMask = 2147483647;
			files = (
				3314A0AC1CEDDBBE003110B9 /* GuessTheNumberTests.swift in Sources */,
			);
			runOnlyForDeploymentPostprocessing = 0;
		};
		3314A0AE1CEDDBBE003110B9 /* Sources */ = {
			isa = PBXSourcesBuildPhase;
			buildActionMask = 2147483647;
			files = (
				3314A0B71CEDDBBE003110B9 /* GuessTheNumberUITests.swift in Sources */,
			);
			runOnlyForDeploymentPostprocessing = 0;
		};
/* End PBXSourcesBuildPhase section */

/* Begin PBXTargetDependency section */
		3314A0A91CEDDBBE003110B9 /* PBXTargetDependency */ = {
			isa = PBXTargetDependency;
			target = 3314A0921CEDDBBE003110B9 /* GuessTheNumber */;
			targetProxy = 3314A0A81CEDDBBE003110B9 /* PBXContainerItemProxy */;
		};
		3314A0B41CEDDBBE003110B9 /* PBXTargetDependency */ = {
			isa = PBXTargetDependency;
			target = 3314A0921CEDDBBE003110B9 /* GuessTheNumber */;
			targetProxy = 3314A0B31CEDDBBE003110B9 /* PBXContainerItemProxy */;
		};
/* End PBXTargetDependency section */

/* Begin PBXVariantGroup section */
		3314A09A1CEDDBBE003110B9 /* Main.storyboard */ = {
			isa = PBXVariantGroup;
			children = (
				3314A09B1CEDDBBE003110B9 /* Base */,
			);
			name = Main.storyboard;
			sourceTree = "<group>";
		};
		3314A09F1CEDDBBE003110B9 /* LaunchScreen.storyboard */ = {
			isa = PBXVariantGroup;
			children = (
				3314A0A01CEDDBBE003110B9 /* Base */,
			);
			name = LaunchScreen.storyboard;
			sourceTree = "<group>";
		};
/* End PBXVariantGroup section */

/* Begin XCBuildConfiguration section */
		3314A0B91CEDDBBE003110B9 /* Debug */ = {
			isa = XCBuildConfiguration;
			buildSettings = {
				ALWAYS_SEARCH_USER_PATHS = NO;
				CLANG_ANALYZER_NONNULL = YES;
				CLANG_CXX_LANGUAGE_STANDARD = "gnu++0x";
				CLANG_CXX_LIBRARY = "libc++";
				CLANG_ENABLE_MODULES = YES;
				CLANG_ENABLE_OBJC_ARC = YES;
				CLANG_WARN_BOOL_CONVERSION = YES;
				CLANG_WARN_CONSTANT_CONVERSION = YES;
				CLANG_WARN_DIRECT_OBJC_ISA_USAGE = YES_ERROR;
				CLANG_WARN_EMPTY_BODY = YES;
				CLANG_WARN_ENUM_CONVERSION = YES;
				CLANG_WARN_INT_CONVERSION = YES;
				CLANG_WARN_OBJC_ROOT_CLASS = YES_ERROR;
				CLANG_WARN_UNREACHABLE_CODE = YES;
				CLANG_WARN__DUPLICATE_METHOD_MATCH = YES;
				"CODE_SIGN_IDENTITY[sdk=iphoneos*]" = "iPhone Developer";
				COPY_PHASE_STRIP = NO;
				DEBUG_INFORMATION_FORMAT = dwarf;
				ENABLE_STRICT_OBJC_MSGSEND = YES;
				ENABLE_TESTABILITY = YES;
				GCC_C_LANGUAGE_STANDARD = gnu99;
				GCC_DYNAMIC_NO_PIC = NO;
				GCC_NO_COMMON_BLOCKS = YES;
				GCC_OPTIMIZATION_LEVEL = 0;
				GCC_PREPROCESSOR_DEFINITIONS = (
					"DEBUG=1",
					"$(inherited)",
				);
				GCC_WARN_64_TO_32_BIT_CONVERSION = YES;
				GCC_WARN_ABOUT_RETURN_TYPE = YES_ERROR;
				GCC_WARN_UNDECLARED_SELECTOR = YES;
				GCC_WARN_UNINITIALIZED_AUTOS = YES_AGGRESSIVE;
				GCC_WARN_UNUSED_FUNCTION = YES;
				GCC_WARN_UNUSED_VARIABLE = YES;
				IPHONEOS_DEPLOYMENT_TARGET = 9.3;
				MTL_ENABLE_DEBUG_INFO = YES;
				ONLY_ACTIVE_ARCH = YES;
				SDKROOT = iphoneos;
				SWIFT_OPTIMIZATION_LEVEL = "-Onone";
			};
			name = Debug;
		};
		3314A0BA1CEDDBBE003110B9 /* Release */ = {
			isa = XCBuildConfiguration;
			buildSettings = {
				ALWAYS_SEARCH_USER_PATHS = NO;
				CLANG_ANALYZER_NONNULL = YES;
				CLANG_CXX_LANGUAGE_STANDARD = "gnu++0x";
				CLANG_CXX_LIBRARY = "libc++";
				CLANG_ENABLE_MODULES = YES;
				CLANG_ENABLE_OBJC_ARC = YES;
				CLANG_WARN_BOOL_CONVERSION = YES;
				CLANG_WARN_CONSTANT_CONVERSION = YES;
				CLANG_WARN_DIRECT_OBJC_ISA_USAGE = YES_ERROR;
				CLANG_WARN_EMPTY_BODY = YES;
				CLANG_WARN_ENUM_CONVERSION = YES;
				CLANG_WARN_INT_CONVERSION = YES;
				CLANG_WARN_OBJC_ROOT_CLASS = YES_ERROR;
				CLANG_WARN_UNREACHABLE_CODE = YES;
				CLANG_WARN__DUPLICATE_METHOD_MATCH = YES;
				"CODE_SIGN_IDENTITY[sdk=iphoneos*]" = "iPhone Developer";
				COPY_PHASE_STRIP = NO;
				DEBUG_INFORMATION_FORMAT = "dwarf-with-dsym";
				ENABLE_NS_ASSERTIONS = NO;
				ENABLE_STRICT_OBJC_MSGSEND = YES;
				GCC_C_LANGUAGE_STANDARD = gnu99;
				GCC_NO_COMMON_BLOCKS = YES;
				GCC_WARN_64_TO_32_BIT_CONVERSION = YES;
				GCC_WARN_ABOUT_RETURN_TYPE = YES_ERROR;
				GCC_WARN_UNDECLARED_SELECTOR = YES;
				GCC_WARN_UNINITIALIZED_AUTOS = YES_AGGRESSIVE;
				GCC_WARN_UNUSED_FUNCTION = YES;
				GCC_WARN_UNUSED_VARIABLE = YES;
				IPHONEOS_DEPLOYMENT_TARGET = 9.3;
				MTL_ENABLE_DEBUG_INFO = NO;
				SDKROOT = iphoneos;
				VALIDATE_PRODUCT = YES;
			};
			name = Release;
		};
		3314A0BC1CEDDBBE003110B9 /* Debug */ = {
			isa = XCBuildConfiguration;
			buildSettings = {
				ASSETCATALOG_COMPILER_APPICON_NAME = AppIcon;
				INFOPLIST_FILE = GuessTheNumber/Info.plist;
				LD_RUNPATH_SEARCH_PATHS = "$(inherited) @executable_path/Frameworks";
				PRODUCT_BUNDLE_IDENTIFIER = com.Mukkii.GuessTheNumber;
				PRODUCT_NAME = "$(TARGET_NAME)";
			};
			name = Debug;
		};
		3314A0BD1CEDDBBE003110B9 /* Release */ = {
			isa = XCBuildConfiguration;
			buildSettings = {
				ASSETCATALOG_COMPILER_APPICON_NAME = AppIcon;
				INFOPLIST_FILE = GuessTheNumber/Info.plist;
				LD_RUNPATH_SEARCH_PATHS = "$(inherited) @executable_path/Frameworks";
				PRODUCT_BUNDLE_IDENTIFIER = com.Mukkii.GuessTheNumber;
				PRODUCT_NAME = "$(TARGET_NAME)";
			};
			name = Release;
		};
		3314A0BF1CEDDBBE003110B9 /* Debug */ = {
			isa = XCBuildConfiguration;
			buildSettings = {
				BUNDLE_LOADER = "$(TEST_HOST)";
				INFOPLIST_FILE = GuessTheNumberTests/Info.plist;
				LD_RUNPATH_SEARCH_PATHS = "$(inherited) @executable_path/Frameworks @loader_path/Frameworks";
				PRODUCT_BUNDLE_IDENTIFIER = com.Mukkii.GuessTheNumberTests;
				PRODUCT_NAME = "$(TARGET_NAME)";
				TEST_HOST = "$(BUILT_PRODUCTS_DIR)/GuessTheNumber.app/GuessTheNumber";
			};
			name = Debug;
		};
		3314A0C01CEDDBBE003110B9 /* Release */ = {
			isa = XCBuildConfiguration;
			buildSettings = {
				BUNDLE_LOADER = "$(TEST_HOST)";
				INFOPLIST_FILE = GuessTheNumberTests/Info.plist;
				LD_RUNPATH_SEARCH_PATHS = "$(inherited) @executable_path/Frameworks @loader_path/Frameworks";
				PRODUCT_BUNDLE_IDENTIFIER = com.Mukkii.GuessTheNumberTests;
				PRODUCT_NAME = "$(TARGET_NAME)";
				TEST_HOST = "$(BUILT_PRODUCTS_DIR)/GuessTheNumber.app/GuessTheNumber";
			};
			name = Release;
		};
		3314A0C21CEDDBBE003110B9 /* Debug */ = {
			isa = XCBuildConfiguration;
			buildSettings = {
				INFOPLIST_FILE = GuessTheNumberUITests/Info.plist;
				LD_RUNPATH_SEARCH_PATHS = "$(inherited) @executable_path/Frameworks @loader_path/Frameworks";
				PRODUCT_BUNDLE_IDENTIFIER = com.Mukkii.GuessTheNumberUITests;
				PRODUCT_NAME = "$(TARGET_NAME)";
				TEST_TARGET_NAME = GuessTheNumber;
			};
			name = Debug;
		};
		3314A0C31CEDDBBE003110B9 /* Release */ = {
			isa = XCBuildConfiguration;
			buildSettings = {
				INFOPLIST_FILE = GuessTheNumberUITests/Info.plist;
				LD_RUNPATH_SEARCH_PATHS = "$(inherited) @executable_path/Frameworks @loader_path/Frameworks";
				PRODUCT_BUNDLE_IDENTIFIER = com.Mukkii.GuessTheNumberUITests;
				PRODUCT_NAME = "$(TARGET_NAME)";
				TEST_TARGET_NAME = GuessTheNumber;
			};
			name = Release;
		};
/* End XCBuildConfiguration section */

/* Begin XCConfigurationList section */
		3314A08E1CEDDBBE003110B9 /* Build configuration list for PBXProject "GuessTheNumber" */ = {
			isa = XCConfigurationList;
			buildConfigurations = (
				3314A0B91CEDDBBE003110B9 /* Debug */,
				3314A0BA1CEDDBBE003110B9 /* Release */,
			);
			defaultConfigurationIsVisible = 0;
			defaultConfigurationName = Release;
		};
		3314A0BB1CEDDBBE003110B9 /* Build configuration list for PBXNativeTarget "GuessTheNumber" */ = {
			isa = XCConfigurationList;
			buildConfigurations = (
				3314A0BC1CEDDBBE003110B9 /* Debug */,
				3314A0BD1CEDDBBE003110B9 /* Release */,
			);
			defaultConfigurationIsVisible = 0;
		};
		3314A0BE1CEDDBBE003110B9 /* Build configuration list for PBXNativeTarget "GuessTheNumberTests" */ = {
			isa = XCConfigurationList;
			buildConfigurations = (
				3314A0BF1CEDDBBE003110B9 /* Debug */,
				3314A0C01CEDDBBE003110B9 /* Release */,
			);
			defaultConfigurationIsVisible = 0;
		};
		3314A0C11CEDDBBE003110B9 /* Build configuration list for PBXNativeTarget "GuessTheNumberUITests" */ = {
			isa = XCConfigurationList;
			buildConfigurations = (
				3314A0C21CEDDBBE003110B9 /* Debug */,
				3314A0C31CEDDBBE003110B9 /* Release */,
			);
			defaultConfigurationIsVisible = 0;
		};
/* End XCConfigurationList section */
	};
	rootObject = 3314A08B1CEDDBBE003110B9 /* Project object */;
}
